
Microsoft Visual Studio Solution File, Format Version 12.00
# Visual Studio Version 17
VisualStudioVersion = 17.5.33414.496
MinimumVisualStudioVersion = 10.0.40219.1
Project("{FAE04EC0-301F-11D3-BF4B-00C04F79EFBC}") = "noteTakingApp", "noteTakingApp\noteTakingApp.csproj", "{B502A340-2D1A-491E-A6E3-7D6319A4F672}"
EndProject
Global
	GlobalSection(SolutionConfigurationPlatforms) = preSolution
		Debug|Any CPU = Debug|Any CPU
		Release|Any CPU = Release|Any CPU
	EndGlobalSection
	GlobalSection(ProjectConfigurationPlatforms) = postSolution
		{B502A340-2D1A-491E-A6E3-7D6319A4F672}.Debug|Any CPU.ActiveCfg = Debug|Any CPU
		{B502A340-2D1A-491E-A6E3-7D6319A4F672}.Debug|Any CPU.Build.0 = Debug|Any CPU
		{B502A340-2D1A-491E-A6E3-7D6319A4F672}.Release|Any CPU.ActiveCfg = Release|Any CPU
		{B502A340-2D1A-491E-A6E3-7D6319A4F672}.Release|Any CPU.Build.0 = Release|Any CPU
	EndGlobalSection
	GlobalSection(SolutionProperties) = preSolution
		HideSolutionNode = FALSE
	EndGlobalSection
	GlobalSection(ExtensibilityGlobals) = postSolution
		SolutionGuid = {97F656E6-190E-44BE-A9B7-0DE37AAC4FE0}
	EndGlobalSection
EndGlobal
